
Microsoft Visual Studio Solution File, Format Version 12.00
# Visual Studio Version 16
VisualStudioVersion = 16.0.30204.135
MinimumVisualStudioVersion = 10.0.40219.1
Project("{FAE04EC0-301F-11D3-BF4B-00C04F79EFBC}") = "Decompile", "Decompile.csproj", "{D620D7E3-6AAE-47DF-8223-A277BE0C873D}"
EndProject
Global
	GlobalSection(SolutionConfigurationPlatforms) = preSolution
		Debug|Any CPU = Debug|Any CPU
		Release|Any CPU = Release|Any CPU
	EndGlobalSection
	GlobalSection(ProjectConfigurationPlatforms) = postSolution
		{D620D7E3-6AAE-47DF-8223-A277BE0C873D}.Debug|Any CPU.ActiveCfg = Debug|Any CPU
		{D620D7E3-6AAE-47DF-8223-A277BE0C873D}.Debug|Any CPU.Build.0 = Debug|Any CPU
		{D620D7E3-6AAE-47DF-8223-A277BE0C873D}.Release|Any CPU.ActiveCfg = Release|Any CPU
		{D620D7E3-6AAE-47DF-8223-A277BE0C873D}.Release|Any CPU.Build.0 = Release|Any CPU
	EndGlobalSection
	GlobalSection(SolutionProperties) = preSolution
		HideSolutionNode = FALSE
	EndGlobalSection
	GlobalSection(ExtensibilityGlobals) = postSolution
		SolutionGuid = {66610356-E154-4B62-982E-5DC0DA5AE69D}
	EndGlobalSection
EndGlobal
